
Microsoft Visual Studio Solution File, Format Version 12.00
# Visual Studio Version 17
VisualStudioVersion = 17.3.32929.385
MinimumVisualStudioVersion = 10.0.40219.1
Project("{FAE04EC0-301F-11D3-BF4B-00C04F79EFBC}") = "Bookmaster_09", "Bookmaster_09\Bookmaster_09.csproj", "{46713B94-1DEE-48A3-862F-1FD40F31B29A}"
EndProject
Global
	GlobalSection(SolutionConfigurationPlatforms) = preSolution
		Debug|Any CPU = Debug|Any CPU
		Release|Any CPU = Release|Any CPU
	EndGlobalSection
	GlobalSection(ProjectConfigurationPlatforms) = postSolution
		{46713B94-1DEE-48A3-862F-1FD40F31B29A}.Debug|Any CPU.ActiveCfg = Debug|Any CPU
		{46713B94-1DEE-48A3-862F-1FD40F31B29A}.Debug|Any CPU.Build.0 = Debug|Any CPU
		{46713B94-1DEE-48A3-862F-1FD40F31B29A}.Release|Any CPU.ActiveCfg = Release|Any CPU
		{46713B94-1DEE-48A3-862F-1FD40F31B29A}.Release|Any CPU.Build.0 = Release|Any CPU
	EndGlobalSection
	GlobalSection(SolutionProperties) = preSolution
		HideSolutionNode = FALSE
	EndGlobalSection
	GlobalSection(ExtensibilityGlobals) = postSolution
		SolutionGuid = {DAC8E89A-C55A-40C7-A9CE-7463E6551449}
	EndGlobalSection
EndGlobal
